
Microsoft Visual Studio Solution File, Format Version 12.00
# Visual Studio Version 17
VisualStudioVersion = 17.9.34607.119
MinimumVisualStudioVersion = 10.0.40219.1
Project("{FAE04EC0-301F-11D3-BF4B-00C04F79EFBC}") = "Lab3", "Lab3\Lab3.csproj", "{77DA1CB6-DF06-449D-BC94-76A8A0B8464A}"
EndProject
Global
	GlobalSection(SolutionConfigurationPlatforms) = preSolution
		Debug|Any CPU = Debug|Any CPU
		Release|Any CPU = Release|Any CPU
	EndGlobalSection
	GlobalSection(ProjectConfigurationPlatforms) = postSolution
		{77DA1CB6-DF06-449D-BC94-76A8A0B8464A}.Debug|Any CPU.ActiveCfg = Debug|Any CPU
		{77DA1CB6-DF06-449D-BC94-76A8A0B8464A}.Debug|Any CPU.Build.0 = Debug|Any CPU
		{77DA1CB6-DF06-449D-BC94-76A8A0B8464A}.Release|Any CPU.ActiveCfg = Release|Any CPU
		{77DA1CB6-DF06-449D-BC94-76A8A0B8464A}.Release|Any CPU.Build.0 = Release|Any CPU
	EndGlobalSection
	GlobalSection(SolutionProperties) = preSolution
		HideSolutionNode = FALSE
	EndGlobalSection
	GlobalSection(ExtensibilityGlobals) = postSolution
		SolutionGuid = {D5693FEA-B7E0-461A-80F5-C37D43FD2DBB}
	EndGlobalSection
EndGlobal
